Microsoft Visual Studio Solution File, Format Version 12.00
# Visual Studio Version 16
VisualStudioVersion = 16.0.31205.134
MinimumVisualStudioVersion = 10.0.40219.1
Project("{6EC3EE1D-3C4E-46DD-8F32-0CC8E7565705}") = "FunctionalSoul", "FunctionalSoul\FunctionalSoul.fsproj", "{BD0947BF-0CEC-4A9B-A3F8-ED3192139DF7}"
EndProject
Project("{F2A71F9B-5D33-465A-A702-920D77279786}") = "FunctionalSoul.Android", "FunctionalSoul.Android\FunctionalSoul.Android.fsproj", "{8E0ADB25-CDAB-45B9-8B80-845E5EBAFB60}"
EndProject
Project("{2150E333-8FDC-42A3-9474-1A3956D46DE8}") = "Solution Items", "Solution Items", "{DCA63C37-6E5A-4523-85FA-4C1A5648F431}"
	ProjectSection(SolutionItems) = preProject
		COPYING = COPYING
		README.md = README.md
	EndProjectSection
EndProject
Global
	GlobalSection(SolutionConfigurationPlatforms) = preSolution
		Ad-Hoc|Any CPU = Ad-Hoc|Any CPU
		Ad-Hoc|ARM = Ad-Hoc|ARM
		Ad-Hoc|iPhone = Ad-Hoc|iPhone
		Ad-Hoc|iPhoneSimulator = Ad-Hoc|iPhoneSimulator
		Ad-Hoc|x64 = Ad-Hoc|x64
		Ad-Hoc|x86 = Ad-Hoc|x86
		AppStore|Any CPU = AppStore|Any CPU
		AppStore|ARM = AppStore|ARM
		AppStore|iPhone = AppStore|iPhone
		AppStore|iPhoneSimulator = AppStore|iPhoneSimulator
		AppStore|x64 = AppStore|x64
		AppStore|x86 = AppStore|x86
		Debug|Any CPU = Debug|Any CPU
		Debug|ARM = Debug|ARM
		Debug|iPhone = Debug|iPhone
		Debug|iPhoneSimulator = Debug|iPhoneSimulator
		Debug|x64 = Debug|x64
		Debug|x86 = Debug|x86
		Release|Any CPU = Release|Any CPU
		Release|ARM = Release|ARM
		Release|iPhone = Release|iPhone
		Release|iPhoneSimulator = Release|iPhoneSimulator
		Release|x64 = Release|x64
		Release|x86 = Release|x86
	EndGlobalSection
	GlobalSection(ProjectConfigurationPlatforms) = postSolution
		{BD0947BF-0CEC-4A9B-A3F8-ED3192139DF7}.Ad-Hoc|Any CPU.ActiveCfg = Debug|Any CPU
		{BD0947BF-0CEC-4A9B-A3F8-ED3192139DF7}.Ad-Hoc|Any CPU.Build.0 = Debug|Any CPU
		{BD0947BF-0CEC-4A9B-A3F8-ED3192139DF7}.Ad-Hoc|ARM.ActiveCfg = Debug|Any CPU
		{BD0947BF-0CEC-4A9B-A3F8-ED3192139DF7}.Ad-Hoc|ARM.Build.0 = Debug|Any CPU
		{BD0947BF-0CEC-4A9B-A3F8-ED3192139DF7}.Ad-Hoc|iPhone.ActiveCfg = Debug|Any CPU
		{BD0947BF-0CEC-4A9B-A3F8-ED3192139DF7}.Ad-Hoc|iPhone.Build.0 = Debug|Any CPU
		{BD0947BF-0CEC-4A9B-A3F8-ED3192139DF7}.Ad-Hoc|iPhoneSimulator.ActiveCfg = Debug|Any CPU
		{BD0947BF-0CEC-4A9B-A3F8-ED3192139DF7}.Ad-Hoc|iPhoneSimulator.Build.0 = Debug|Any CPU
		{BD0947BF-0CEC-4A9B-A3F8-ED3192139DF7}.Ad-Hoc|x64.ActiveCfg = Debug|Any CPU
		{BD0947BF-0CEC-4A9B-A3F8-ED3192139DF7}.Ad-Hoc|x64.Build.0 = Debug|Any CPU
		{BD0947BF-0CEC-4A9B-A3F8-ED3192139DF7}.Ad-Hoc|x86.ActiveCfg = Debug|Any CPU
		{BD0947BF-0CEC-4A9B-A3F8-ED3192139DF7}.Ad-Hoc|x86.Build.0 = Debug|Any CPU
		{BD0947BF-0CEC-4A9B-A3F8-ED3192139DF7}.AppStore|Any CPU.ActiveCfg = Debug|Any CPU
		{BD0947BF-0CEC-4A9B-A3F8-ED3192139DF7}.AppStore|Any CPU.Build.0 = Debug|Any CPU
		{BD0947BF-0CEC-4A9B-A3F8-ED3192139DF7}.AppStore|ARM.ActiveCfg = Debug|Any CPU
		{BD0947BF-0CEC-4A9B-A3F8-ED3192139DF7}.AppStore|ARM.Build.0 = Debug|Any CPU
		{BD0947BF-0CEC-4A9B-A3F8-ED3192139DF7}.AppStore|iPhone.ActiveCfg = Debug|Any CPU
		{BD0947BF-0CEC-4A9B-A3F8-ED3192139DF7}.AppStore|iPhone.Build.0 = Debug|Any CPU
		{BD0947BF-0CEC-4A9B-A3F8-ED3192139DF7}.AppStore|iPhoneSimulator.ActiveCfg = Debug|Any CPU
		{BD0947BF-0CEC-4A9B-A3F8-ED3192139DF7}.AppStore|iPhoneSimulator.Build.0 = Debug|Any CPU
		{BD0947BF-0CEC-4A9B-A3F8-ED3192139DF7}.AppStore|x64.ActiveCfg = Debug|Any CPU
		{BD0947BF-0CEC-4A9B-A3F8-ED3192139DF7}.AppStore|x64.Build.0 = Debug|Any CPU
		{BD0947BF-0CEC-4A9B-A3F8-ED3192139DF7}.AppStore|x86.ActiveCfg = Debug|Any CPU
		{BD0947BF-0CEC-4A9B-A3F8-ED3192139DF7}.AppStore|x86.Build.0 = Debug|Any CPU
		{BD0947BF-0CEC-4A9B-A3F8-ED3192139DF7}.Debug|Any CPU.ActiveCfg = Debug|Any CPU
		{BD0947BF-0CEC-4A9B-A3F8-ED3192139DF7}.Debug|Any CPU.Build.0 = Debug|Any CPU
		{BD0947BF-0CEC-4A9B-A3F8-ED3192139DF7}.Debug|ARM.ActiveCfg = Debug|Any CPU
		{BD0947BF-0CEC-4A9B-A3F8-ED3192139DF7}.Debug|ARM.Build.0 = Debug|Any CPU
		{BD0947BF-0CEC-4A9B-A3F8-ED3192139DF7}.Debug|iPhone.ActiveCfg = Debug|Any CPU
		{BD0947BF-0CEC-4A9B-A3F8-ED3192139DF7}.Debug|iPhone.Build.0 = Debug|Any CPU
		{BD0947BF-0CEC-4A9B-A3F8-ED3192139DF7}.Debug|iPhoneSimulator.ActiveCfg = Debug|Any CPU
		{BD0947BF-0CEC-4A9B-A3F8-ED3192139DF7}.Debug|iPhoneSimulator.Build.0 = Debug|Any CPU
		{BD0947BF-0CEC-4A9B-A3F8-ED3192139DF7}.Debug|x64.ActiveCfg = Debug|Any CPU
		{BD0947BF-0CEC-4A9B-A3F8-ED3192139DF7}.Debug|x64.Build.0 = Debug|Any CPU
		{BD0947BF-0CEC-4A9B-A3F8-ED3192139DF7}.Debug|x86.ActiveCfg = Debug|Any CPU
		{BD0947BF-0CEC-4A9B-A3F8-ED3192139DF7}.Debug|x86.Build.0 = Debug|Any CPU
		{BD0947BF-0CEC-4A9B-A3F8-ED3192139DF7}.Release|Any CPU.ActiveCfg = Release|Any CPU
		{BD0947BF-0CEC-4A9B-A3F8-ED3192139DF7}.Release|Any CPU.Build.0 = Release|Any CPU
		{BD0947BF-0CEC-4A9B-A3F8-ED3192139DF7}.Release|ARM.ActiveCfg = Release|Any CPU
		{BD0947BF-0CEC-4A9B-A3F8-ED3192139DF7}.Release|ARM.Build.0 = Release|Any CPU
		{BD0947BF-0CEC-4A9B-A3F8-ED3192139DF7}.Release|iPhone.ActiveCfg = Release|Any CPU
		{BD0947BF-0CEC-4A9B-A3F8-ED3192139DF7}.Release|iPhone.Build.0 = Release|Any CPU
		{BD0947BF-0CEC-4A9B-A3F8-ED3192139DF7}.Release|iPhoneSimulator.ActiveCfg = Release|Any CPU
		{BD0947BF-0CEC-4A9B-A3F8-ED3192139DF7}.Release|iPhoneSimulator.Build.0 = Release|Any CPU
		{BD0947BF-0CEC-4A9B-A3F8-ED3192139DF7}.Release|x64.ActiveCfg = Release|Any CPU
		{BD0947BF-0CEC-4A9B-A3F8-ED3192139DF7}.Release|x64.Build.0 = Release|Any CPU
		{BD0947BF-0CEC-4A9B-A3F8-ED3192139DF7}.Release|x86.ActiveCfg = Release|Any CPU
		{BD0947BF-0CEC-4A9B-A3F8-ED3192139DF7}.Release|x86.Build.0 = Release|Any CPU
		{8E0ADB25-CDAB-45B9-8B80-845E5EBAFB60}.Ad-Hoc|Any CPU.ActiveCfg = Release|Any CPU
		{8E0ADB25-CDAB-45B9-8B80-845E5EBAFB60}.Ad-Hoc|Any CPU.Build.0 = Release|Any CPU
		{8E0ADB25-CDAB-45B9-8B80-845E5EBAFB60}.Ad-Hoc|ARM.ActiveCfg = Release|Any CPU
		{8E0ADB25-CDAB-45B9-8B80-845E5EBAFB60}.Ad-Hoc|ARM.Build.0 = Release|Any CPU
		{8E0ADB25-CDAB-45B9-8B80-845E5EBAFB60}.Ad-Hoc|iPhone.ActiveCfg = Release|Any CPU
		{8E0ADB25-CDAB-45B9-8B80-845E5EBAFB60}.Ad-Hoc|iPhone.Build.0 = Release|Any CPU
		{8E0ADB25-CDAB-45B9-8B80-845E5EBAFB60}.Ad-Hoc|iPhoneSimulator.ActiveCfg = Release|Any CPU
		{8E0ADB25-CDAB-45B9-8B80-845E5EBAFB60}.Ad-Hoc|iPhoneSimulator.Build.0 = Release|Any CPU
		{8E0ADB25-CDAB-45B9-8B80-845E5EBAFB60}.Ad-Hoc|x64.ActiveCfg = Release|Any CPU
		{8E0ADB25-CDAB-45B9-8B80-845E5EBAFB60}.Ad-Hoc|x64.Build.0 = Release|Any CPU
		{8E0ADB25-CDAB-45B9-8B80-845E5EBAFB60}.Ad-Hoc|x86.ActiveCfg = Release|Any CPU
		{8E0ADB25-CDAB-45B9-8B80-845E5EBAFB60}.Ad-Hoc|x86.Build.0 = Release|Any CPU
		{8E0ADB25-CDAB-45B9-8B80-845E5EBAFB60}.AppStore|Any CPU.ActiveCfg = Release|Any CPU
		{8E0ADB25-CDAB-45B9-8B80-845E5EBAFB60}.AppStore|Any CPU.Build.0 = Release|Any CPU
		{8E0ADB25-CDAB-45B9-8B80-845E5EBAFB60}.AppStore|ARM.ActiveCfg = Release|Any CPU
		{8E0ADB25-CDAB-45B9-8B80-845E5EBAFB60}.AppStore|ARM.Build.0 = Release|Any CPU
		{8E0ADB25-CDAB-45B9-8B80-845E5EBAFB60}.AppStore|iPhone.ActiveCfg = Release|Any CPU
		{8E0ADB25-CDAB-45B9-8B80-845E5EBAFB60}.AppStore|iPhone.Build.0 = Release|Any CPU
		{8E0ADB25-CDAB-45B9-8B80-845E5EBAFB60}.AppStore|iPhoneSimulator.ActiveCfg = Release|Any CPU
		{8E0ADB25-CDAB-45B9-8B80-845E5EBAFB60}.AppStore|iPhoneSimulator.Build.0 = Release|Any CPU
		{8E0ADB25-CDAB-45B9-8B80-845E5EBAFB60}.AppStore|x64.ActiveCfg = Release|Any CPU
		{8E0ADB25-CDAB-45B9-8B80-845E5EBAFB60}.AppStore|x64.Build.0 = Release|Any CPU
		{8E0ADB25-CDAB-45B9-8B80-845E5EBAFB60}.AppStore|x86.ActiveCfg = Release|Any CPU
		{8E0ADB25-CDAB-45B9-8B80-845E5EBAFB60}.AppStore|x86.Build.0 = Release|Any CPU
		{8E0ADB25-CDAB-45B9-8B80-845E5EBAFB60}.Debug|Any CPU.ActiveCfg = Debug|Any CPU
		{8E0ADB25-CDAB-45B9-8B80-845E5EBAFB60}.Debug|Any CPU.Build.0 = Debug|Any CPU
		{8E0ADB25-CDAB-45B9-8B80-845E5EBAFB60}.Debug|Any CPU.Deploy.0 = Debug|Any CPU
		{8E0ADB25-CDAB-45B9-8B80-845E5EBAFB60}.Debug|ARM.ActiveCfg = Debug|Any CPU
		{8E0ADB25-CDAB-45B9-8B80-845E5EBAFB60}.Debug|ARM.Build.0 = Debug|Any CPU
		{8E0ADB25-CDAB-45B9-8B80-845E5EBAFB60}.Debug|iPhone.ActiveCfg = Debug|Any CPU
		{8E0ADB25-CDAB-45B9-8B80-845E5EBAFB60}.Debug|iPhone.Build.0 = Debug|Any CPU
		{8E0ADB25-CDAB-45B9-8B80-845E5EBAFB60}.Debug|iPhoneSimulator.ActiveCfg = Debug|Any CPU
		{8E0ADB25-CDAB-45B9-8B80-845E5EBAFB60}.Debug|iPhoneSimulator.Build.0 = Debug|Any CPU
		{8E0ADB25-CDAB-45B9-8B80-845E5EBAFB60}.Debug|x64.ActiveCfg = Debug|Any CPU
		{8E0ADB25-CDAB-45B9-8B80-845E5EBAFB60}.Debug|x64.Build.0 = Debug|Any CPU
		{8E0ADB25-CDAB-45B9-8B80-845E5EBAFB60}.Debug|x86.ActiveCfg = Debug|Any CPU
		{8E0ADB25-CDAB-45B9-8B80-845E5EBAFB60}.Debug|x86.Build.0 = Debug|Any CPU
		{8E0ADB25-CDAB-45B9-8B80-845E5EBAFB60}.Release|Any CPU.ActiveCfg = Release|Any CPU
		{8E0ADB25-CDAB-45B9-8B80-845E5EBAFB60}.Release|Any CPU.Build.0 = Release|Any CPU
		{8E0ADB25-CDAB-45B9-8B80-845E5EBAFB60}.Release|Any CPU.Deploy.0 = Release|Any CPU
		{8E0ADB25-CDAB-45B9-8B80-845E5EBAFB60}.Release|ARM.ActiveCfg = Release|Any CPU
		{8E0ADB25-CDAB-45B9-8B80-845E5EBAFB60}.Release|ARM.Build.0 = Release|Any CPU
		{8E0ADB25-CDAB-45B9-8B80-845E5EBAFB60}.Release|iPhone.ActiveCfg = Release|Any CPU
		{8E0ADB25-CDAB-45B9-8B80-845E5EBAFB60}.Release|iPhone.Build.0 = Release|Any CPU
		{8E0ADB25-CDAB-45B9-8B80-845E5EBAFB60}.Release|iPhoneSimulator.ActiveCfg = Release|Any CPU
		{8E0ADB25-CDAB-45B9-8B80-845E5EBAFB60}.Release|iPhoneSimulator.Build.0 = Release|Any CPU
		{8E0ADB25-CDAB-45B9-8B80-845E5EBAFB60}.Release|x64.ActiveCfg = Release|Any CPU
		{8E0ADB25-CDAB-45B9-8B80-845E5EBAFB60}.Release|x64.Build.0 = Release|Any CPU
		{8E0ADB25-CDAB-45B9-8B80-845E5EBAFB60}.Release|x86.ActiveCfg = Release|Any CPU
		{8E0ADB25-CDAB-45B9-8B80-845E5EBAFB60}.Release|x86.Build.0 = Release|Any CPU
	EndGlobalSection
	GlobalSection(SolutionProperties) = preSolution
		HideSolutionNode = FALSE
	EndGlobalSection
	GlobalSection(ExtensibilityGlobals) = postSolution
		SolutionGuid = {F6D05029-56B8-4E45-AF2D-0E76295DDBA2}
	EndGlobalSection
EndGlobal
